
Microsoft Visual Studio Solution File, Format Version 12.00
# Visual Studio Version 17
VisualStudioVersion = 17.13.35825.156
MinimumVisualStudioVersion = 10.0.40219.1
Project("{FAE04EC0-301F-11D3-BF4B-00C04F79EFBC}") = "Net8SimpleProject", "..\Net8Project\WebApplication1\Net8SimpleProject.csproj", "{28A19088-44FF-4525-A206-749F372D5902}"
EndProject
Global
	GlobalSection(SolutionConfigurationPlatforms) = preSolution
		Debug|Any CPU = Debug|Any CPU
		Release|Any CPU = Release|Any CPU
	EndGlobalSection
	GlobalSection(ProjectConfigurationPlatforms) = postSolution
		{28A19088-44FF-4525-A206-749F372D5902}.Debug|Any CPU.ActiveCfg = Debug|Any CPU
		{28A19088-44FF-4525-A206-749F372D5902}.Debug|Any CPU.Build.0 = Debug|Any CPU
		{28A19088-44FF-4525-A206-749F372D5902}.Release|Any CPU.ActiveCfg = Release|Any CPU
		{28A19088-44FF-4525-A206-749F372D5902}.Release|Any CPU.Build.0 = Release|Any CPU
	EndGlobalSection
	GlobalSection(SolutionProperties) = preSolution
		HideSolutionNode = FALSE
	EndGlobalSection
	GlobalSection(ExtensibilityGlobals) = postSolution
		SolutionGuid = {20358C7F-167A-4090-B4BA-27506F75653E}
	EndGlobalSection
EndGlobal
